version = 1
revision = 3
requires-python = ">=3.11"

[[package]]
name = "libzim"
version = "3.13.0"
source = { registry = "https://pypi.org/simple" }
sdist = { url = "https://files.pythonhosted.org/packages/ad/93/6fc0ff8adca454435ed74ce885101178424143cbcf4a92d81f9d5e9a2900/libzim-3.13.0.tar.gz", hash = "sha256:07707b0e8c61c6930aa164bd1c15d4b1182341e6e31c205235d4722734fc4725", size = 58570, upload-time = "2026-09-07T21:07:48.642Z" }
wheels = [
    { url = "https://files.pythonhosted.org/packages/2b/4c/8a2f8441eb80e11cbd54c12408e6fc44a698b28eee0bcef88d26aa264e4d/libzim-3.13.0-cp311-cp311-macosx_13_0_arm64.whl", hash = "sha256:4a2273a33278ad49af5af78debe1d36c32e8f48de776b26edc9051e7c7d88dd7", size = 3549441, upload-time = "2026-09-07T21:06:49.06Z" },
    { url = "https://files.pythonhosted.org/packages/3c/75/964df32a5130c1ca09bc2c690a2531df036f46afaeaa47dd4aa0399c699c/libzim-3.13.0-cp311-cp311-macosx_13_0_x86_64.whl", hash = "sha256:ea06e760f06f6159c07051a1df8babc592a6654db84520c3b3f951b1afed0358", size = 3824011, upload-time = "2026-09-07T21:06:50.32Z" },
    { url = "https://files.pythonhosted.org/packages/e0/47/862f1de41666b2a8d74e6eec3f77423dfd32c53e56a68df1f03f242841e4/libzim-3.13.0-cp311-cp311-manylinux_2_27_aarch64.manylinux_2_28_aarch64.whl", hash = "sha256:bd008e74bed3bb551e7f16e43529b36bd6087f17ec03366603474691b4e229b9", size = 10688513, upload-time = "2026-09-07T21:06:51.932Z" },
    { url = "https://files.pythonhosted.org/packages/8d/37/e0428fb1b749d4115ec2791be4c7cdae57208cc5c50fdbde0e6b7ca28ae5/libzim-3.13.0-cp311-cp311-manylinux_2_27_x86_64.manylinux_2_28_x86_64.whl", hash = "sha256:044e0abbe9607f2d8a340a00d0e98eac3d43caf21701e13a5a256dd14c256208", size = 10879184, upload-time = "2026-09-07T21:06:53.58Z" },
    { url = "https://files.pythonhosted.org/packages/32/4b/0ebd8764760edcce9ec2f10cd00e0ac1f018d4e368d8cb93c3cfd57a1635/libzim-3.13.0-cp311-cp311-musllinux_1_2_aarch64.whl", hash = "sha256:806c2082207ddae8911779033dc894efe151579f8ca2f5f71bd93737dbb96b2e", size = 12033154, upload-time = "2026-09-07T21:06:55.383Z" },
    { url = "https://files.pythonhosted.org/packages/73/97/e961aca5b2bfc427bf0afc53f153a969a2b2a32812fa2efd42f9fa3e2481/libzim-3.13.0-cp311-cp311-musllinux_1_2_x86_64.whl", hash = "sha256:ea3b8f528ce57d9ba65e8dd6b2944583aebf01581967920c2dffce42346ddb5b", size = 12240437, upload-time = "2026-09-07T21:06:57.193Z" },
    { url = "https://files.pythonhosted.org/packages/ae/f0/b93c41e9adeac49b109510896a0b119e3e5cdf3fc013bece90be6fa98cde/libzim-3.13.0-cp311-cp311-win_amd64.whl", hash = "sha256:af51672a04862e84c72392f891b3527a40e14836a6d8448dcad5a62aa1d7b880", size = 15983174, upload-time = "2026-09-07T21:06:58.949Z" },
    { url = "https://files.pythonhosted.org/packages/04/4d/3ca842847f95566baf0776d38e92af199d08c821a875541021572194a70c/libzim-3.13.0-cp312-cp312-macosx_13_0_arm64.whl", hash = "sha256:c24fd56559ee45687cc9ef6d2bf61d154bc2f732ae1db0c82ca5a6b357415ee9", size = 3546090, upload-time = "2026-09-07T21:07:00.794Z" },
    { url = "https://files.pythonhosted.org/packages/89/d3/2bc589dd7c6e0de3f38d427284d77999dd1f129d7a323196ab7d90e4b059/libzim-3.13.0-cp312-cp312-macosx_13_0_x86_64.whl", hash = "sha256:ef8146a75eb97ef1a767ff714c3f413572448fcbdee583cc69d6e5b40b704823", size = 3815016, upload-time = "2026-09-07T21:07:02.585Z" },
    { url = "https://files.pythonhosted.org/packages/ec/b4/73d887a1e984daa7febd94f10e88cd46e9b057f68f9322f5effb6aa57ca1/libzim-3.13.0-cp312-cp312-manylinux_2_27_aarch64.manylinux_2_28_aarch64.whl", hash = "sha256:d616d924d85aff5c1f02f1ddb3d1176470ba6d18916ebfab60f66d30fc86217a", size = 10624066, upload-time = "2026-09-07T21:07:04.045Z" },
    { url = "https://files.pythonhosted.org/packages/19/73/61bd68b6b81a1815e25205dd2558b52cc98423361c68946121c7d620dd24/libzim-3.13.0-cp312-cp312-manylinux_2_27_x86_64.manylinux_2_28_x86_64.whl", hash = "sha256:5821cc58cabf4136560df82a47705b7fa7a9a781a99b5ea48407c99207c12bc1", size = 10831575, upload-time = "2026-09-07T21:07:05.688Z" },
    { url = "https://files.pythonhosted.org/packages/18/d0/02839ffa33c08b87169d3dceb23a2d4e4d341f930438fc11cb8e6a0f5618/libzim-3.13.0-cp312-cp312-musllinux_1_2_aarch64.whl", hash = "sha256:677ae742bad94dabbc73a0b520f8b3359561b129452613b00edf8ee4bfe2cbd6", size = 11975779, upload-time = "2026-09-07T21:07:07.378Z" },
    { url = "https://files.pythonhosted.org/packages/9b/f7/62a95869871785835bac3afd11cde4f07a9e6bb87c184524d7a00630a0f3/libzim-3.13.0-cp312-cp312-musllinux_1_2_x86_64.whl", hash = "sha256:2387e050a4d55219e1d4927c50195f23561ee2acc58a422111f141731e1fbf36", size = 12190209, upload-time = "2026-09-07T21:07:09.061Z" },
    { url = "https://files.pythonhosted.org/packages/85/97/345913b55bd73a949cf957cc6078b5f504e4da23b4c32348466999532898/libzim-3.13.0-cp312-cp312-win_amd64.whl", hash = "sha256:53c55b45f830e0a33de715ac1c700b141c5f160fbe4f9f43a2261995ad8547d5", size = 15980802, upload-time = "2026-09-07T21:07:10.997Z" },
    { url = "https://files.pythonhosted.org/packages/b6/d2/a2c7b6879adf5364ad971f0dd3596916e15484ef198c87002c7d2b33c54a/libzim-3.13.0-cp313-cp313-macosx_13_0_arm64.whl", hash = "sha256:01bffb7a6f84704478b6bf19ff052ffa5afc3ab445a071aff0c0b218b9fd68db", size = 3544891, upload-time = "2026-09-07T21:07:12.97Z" },
    { url = "https://files.pythonhosted.org/packages/bf/fb/9b6ddf9a1e09e4af050482224316824efd1107f317203c1da70df246addb/libzim-3.13.0-cp313-cp313-macosx_13_0_x86_64.whl", hash = "sha256:d13beccca730cf84892776afde2bb6ca16bf6b79894357bcb13f32757b2459dc", size = 3812977, upload-time = "2026-09-07T21:07:14.158Z" },
    { url = "https://files.pythonhosted.org/packages/e1/da/a724452de45fdbd7d610515123c0c3596cb2c44dc9c6ef617f1355b469f0/libzim-3.13.0-cp313-cp313-manylinux_2_27_aarch64.manylinux_2_28_aarch64.whl", hash = "sha256:3379aeebfc7fc21b13f9b7e2e1cb802ef39edf28732387fe2249cc208d51e0b3", size = 10613591, upload-time = "2026-09-07T21:07:15.45Z" },
    { url = "https://files.pythonhosted.org/packages/4a/45/2327aae1d51dca8324f0ba7a91abd7bf24a2e43b93cf2e1f851e0962eee7/libzim-3.13.0-cp313-cp313-manylinux_2_27_x86_64.manylinux_2_28_x86_64.whl", hash = "sha256:8cb2938aa95e105617c347a344ea51058cc6799b68b01dafc0ba9474092afff1", size = 10811120, upload-time = "2026-09-07T21:07:17.307Z" },
    { url = "https://files.pythonhosted.org/packages/8d/75/ab287273d2ffe01b81c35e9569de1a18fa3c81874012ac9ceaf357902b45/libzim-3.13.0-cp313-cp313-musllinux_1_2_aarch64.whl", hash = "sha256:d5c8800aaa58fb63a70aaea9a6db6514616f7fbfa5e1c5fd8e4c624602e60459", size = 11961385, upload-time = "2026-09-07T21:07:19.059Z" },
    { url = "https://files.pythonhosted.org/packages/1f/8d/430a2edd97e3aa83b789105fdf8048cab6f3a97bae1d80f701e17af8534a/libzim-3.13.0-cp313-cp313-musllinux_1_2_x86_64.whl", hash = "sha256:c06a4d0dab49fb9904cd88966fa33c541cffecc94216a8f6db064df8aa66ccde", size = 12171468, upload-time = "2026-09-07T21:07:20.854Z" },
    { url = "https://files.pythonhosted.org/packages/9f/e9/17184f0efa5daa528158dddaf36a30bcf41ef45ea15b590709e9d205886d/libzim-3.13.0-cp313-cp313-win_amd64.whl", hash = "sha256:a1b740a226c99f37bcaf7c34884157f9adb5851e5913db24153e8cc9a4c1a5d9", size = 15980539, upload-time = "2026-09-07T21:07:23.035Z" },
    { url = "https://files.pythonhosted.org/packages/c5/e8/ee4fee19fe9f4090b1e3c09a3cbe090bdc24c6f22bc76afcdf89ad252c67/libzim-3.13.0-cp314-cp314-macosx_13_0_arm64.whl", hash = "sha256:1384bda5cb67bb78eace2b08d97914a0b062d3bbec85c2758fd574924dceb617", size = 3552178, upload-time = "2026-09-07T21:07:24.944Z" },
    { url = "https://files.pythonhosted.org/packages/d5/16/c4b3b667be4592ea157d3d9044d696d2f4dc95f547ea693f78a06b6ebfc3/libzim-3.13.0-cp314-cp314-macosx_13_0_x86_64.whl", hash = "sha256:6d20b9c8c766ebbe77dc242ca16999536df01ecac619bdf46d556bedf616d13b", size = 3820206, upload-time = "2026-09-07T21:07:26.182Z" },
    { url = "https://files.pythonhosted.org/packages/95/f7/003e91bcfbcb0722520f13ca912f61aa0066cc66b1bd0d249fef23d0e7e5/libzim-3.13.0-cp314-cp314-manylinux_2_27_aarch64.manylinux_2_28_aarch64.whl", hash = "sha256:c5a5dc2eddd1615520bd67d2b35d8acc08d430ccd401dad51c9ecb2af338b055", size = 10616519, upload-time = "2026-09-07T21:07:27.568Z" },
    { url = "https://files.pythonhosted.org/packages/16/51/c59a8fc8a2ce3d43cfe699185b53a37da73547b63341383d147ba9d1a887/libzim-3.13.0-cp314-cp314-manylinux_2_27_x86_64.manylinux_2_28_x86_64.whl", hash = "sha256:86ac9f35c9944c52d46095cd10980d8852d6a6aefe1fc1aa9bafde034dea84f8", size = 10809072, upload-time = "2026-09-07T21:07:29.256Z" },
    { url = "https://files.pythonhosted.org/packages/3c/e8/46a9dd5d915b616c9afb9690bd5b39bace87fd5244e3c9fdc242f907a79d/libzim-3.13.0-cp314-cp314-musllinux_1_2_aarch64.whl", hash = "sha256:bf7e6d3dc8960e3c940234169a5efcfbcfbe1097840af83a14c44b42fabc7ace", size = 11968343, upload-time = "2026-09-07T21:07:30.967Z" },
    { url = "https://files.pythonhosted.org/packages/ec/58/ddc488220d9da4d35f657d19522d3051d0325df42cddbcac29c998cd584f/libzim-3.13.0-cp314-cp314-musllinux_1_2_x86_64.whl", hash = "sha256:93588fef712e480a640150447b3d856f0a66e2191e5aa3907499428669b0a8f3", size = 12169554, upload-time = "2026-09-07T21:07:32.577Z" },
    { url = "https://files.pythonhosted.org/packages/00/ea/e27b5d0e45c10f30194e11024a7174f06825e8582c85938aaf1af32aa7c7/libzim-3.13.0-cp314-cp314-win_amd64.whl", hash = "sha256:a6e37dbb5919be48d66ec231776f369981deb2db7603e8ac9e5b863687961178", size = 16655056, upload-time = "2026-09-07T21:07:34.329Z" },
    { url = "https://files.pythonhosted.org/packages/d0/70/7600071b993d71aff292c2ef6b207fe7afb0f6b5479512809c4d324992f9/libzim-3.13.0-cp314-cp314t-macosx_13_0_arm64.whl", hash = "sha256:89a66654b5766abfde4aad880c1018dd30b3128fb1249e5b0e2e36871aaf481d", size = 3564535, upload-time = "2026-09-07T21:07:36.213Z" },
    { url = "https://files.pythonhosted.org/packages/58/b2/d8be187bac20c3d81be9383c5d6947bf9fca9c5235b85b876fc2527d970c/libzim-3.13.0-cp314-cp314t-macosx_13_0_x86_64.whl", hash = "sha256:3570ee9cf74aedd21ec8620363fa21c4caaba9c68e5fb83ae03bdc6f1039e722", size = 3831970, upload-time = "2026-09-07T21:07:37.41Z" },
    { url = "https://files.pythonhosted.org/packages/11/0b/a73ca794e4005c5ec5b3af9b0765acad05c55fbaa7420e447bf614f13a49/libzim-3.13.0-cp314-cp314t-manylinux_2_27_aarch64.manylinux_2_28_aarch64.whl", hash = "sha256:b0e0530138266a65485c57694282269750197422ad9c61b9ae2c5bb8ec9d3248", size = 10622879, upload-time = "2026-09-07T21:07:38.75Z" },
    { url = "https://files.pythonhosted.org/packages/11/fc/73a1972d4c8990f6b7e89649fecdbfe1e2097b7dc1dea1317634a160ee7b/libzim-3.13.0-cp314-cp314t-manylinux_2_27_x86_64.manylinux_2_28_x86_64.whl", hash = "sha256:00b7a956f8fe51161fb5cfbeee4b36d0cda4b6e414c1f4387f0670cef5a17e39", size = 10798529, upload-time = "2026-09-07T21:07:40.674Z" },
    { url = "https://files.pythonhosted.org/packages/f3/cd/b894dbcace1c7c280a7e55cc1a2dc4dbb7297c9340907db759f401892d61/libzim-3.13.0-cp314-cp314t-musllinux_1_2_aarch64.whl", hash = "sha256:dd7225b7d1f4b466366eb6e45a335ed28dd0ccf045117a08ea2e7f8ba7f80251", size = 11966322, upload-time = "2026-09-07T21:07:42.461Z" },
    { url = "https://files.pythonhosted.org/packages/12/c5/ee4e1424dd826f9dbe59b03a83dc7e4520fdfe9ba2fe31f398369eba3c97/libzim-3.13.0-cp314-cp314t-musllinux_1_2_x86_64.whl", hash = "sha256:54e1fc50de0d8761a4f12587f6d2a13b6c8648c5a62a72346a95c9ab78806311", size = 12153471, upload-time = "2026-09-07T21:07:44.983Z" },
    { url = "https://files.pythonhosted.org/packages/d9/01/99790c1e414f71870fb141747f29db066277743944cb873b03297504d93e/libzim-3.13.0-cp314-cp314t-win_amd64.whl", hash = "sha256:a5cd67bd1c4aa1478863322d136cb34beee6787300413786291f423a02ddae3a", size = 16685586, upload-time = "2026-09-07T21:07:46.871Z" },
]

[[package]]
name = "zimz-tools"
version = "0.0.0"
source = { virtual = "." }
dependencies = [
    { name = "libzim" },
]

[package.metadata]
requires-dist = [{ name = "libzim", specifier = ">=3.4" }]
